{
    "_readme": [
        "This file locks the dependencies of your project to a known state",
        "Read more about it at https://getcomposer.org/doc/01-basic-usage.md#installing-dependencies",
        "This file is @generated automatically"
    ],
    "content-hash": "93256f8d2453e83c40d2f576e513ceac",
    "packages": [
        {
            "name": "firebase/php-jwt",
            "version": "dev-main",
            "source": {
                "type": "git",
                "url": "https://github.com/firebase/php-jwt.git",
                "reference": "a49db6f0a5033aef5143295342f1c95521b075ff"
            },
            "dist": {
                "type": "zip",
                "url": "https://api.github.com/repos/firebase/php-jwt/zipball/a49db6f0a5033aef5143295342f1c95521b075ff",
                "reference": "a49db6f0a5033aef5143295342f1c95521b075ff",
                "shasum": ""
            },
            "require": {
                "php": "^7.4||^8.0"
            },
            "require-dev": {
                "guzzlehttp/guzzle": "^6.5||^7.4",
                "phpspec/prophecy-phpunit": "^2.0",
                "phpunit/phpunit": "^9.5",
                "psr/cache": "^1.0||^2.0",
                "psr/http-client": "^1.0",
                "psr/http-factory": "^1.0"
            },
            "suggest": {
                "ext-sodium": "Support EdDSA (Ed25519) signatures",
                "paragonie/sodium_compat": "Support EdDSA (Ed25519) signatures when libsodium is not present"
            },
            "default-branch": true,
            "type": "library",
            "autoload": {
                "psr-4": {
                    "Firebase\\JWT\\": "src"
                }
            },
            "notification-url": "https://packagist.org/downloads/",
            "license": [
                "BSD-3-Clause"
            ],
            "authors": [
                {
                    "name": "Neuman Vong",
                    "email": "neuman+pear@twilio.com",
                    "role": "Developer"
                },
                {
                    "name": "Anant Narayanan",
                    "email": "anant@php.net",
                    "role": "Developer"
                }
            ],
            "description": "A simple library to encode and decode JSON Web Tokens (JWT) in PHP. Should conform to the current spec.",
            "homepage": "https://github.com/firebase/php-jwt",
            "keywords": [
                "jwt",
                "php"
            ],
            "support": {
                "issues": "https://github.com/firebase/php-jwt/issues",
                "source": "https://github.com/firebase/php-jwt/tree/v6.10.0"
            },
            "time": "2023-12-01T16:26:39+00:00"
        },
        {
            "name": "pear/console_getopt",
            "version": "v1.4.3",
            "source": {
                "type": "git",
                "url": "https://github.com/pear/Console_Getopt.git",
                "reference": "a41f8d3e668987609178c7c4a9fe48fecac53fa0"
            },
            "dist": {
                "type": "zip",
                "url": "https://api.github.com/repos/pear/Console_Getopt/zipball/a41f8d3e668987609178c7c4a9fe48fecac53fa0",
                "reference": "a41f8d3e668987609178c7c4a9fe48fecac53fa0",
                "shasum": ""
            },
            "type": "library",
            "autoload": {
                "psr-0": {
                    "Console": "./"
                }
            },
            "notification-url": "https://packagist.org/downloads/",
            "include-path": [
                "./"
            ],
            "license": [
                "BSD-2-Clause"
            ],
            "authors": [
                {
                    "name": "Andrei Zmievski",
                    "email": "andrei@php.net",
                    "role": "Lead"
                },
                {
                    "name": "Stig Bakken",
                    "email": "stig@php.net",
                    "role": "Developer"
                },
                {
                    "name": "Greg Beaver",
                    "email": "cellog@php.net",
                    "role": "Helper"
                }
            ],
            "description": "More info available on: http://pear.php.net/package/Console_Getopt",
            "support": {
                "issues": "http://pear.php.net/bugs/search.php?cmd=display&package_name[]=Console_Getopt",
                "source": "https://github.com/pear/Console_Getopt"
            },
            "time": "2019-11-20T18:27:48+00:00"
        },
        {
            "name": "pear/mail",
            "version": "dev-master",
            "source": {
                "type": "git",
                "url": "https://github.com/pear/Mail.git",
                "reference": "4fda3292ac6bf226d8841cfd8ee3cf4e28395c01"
            },
            "dist": {
                "type": "zip",
                "url": "https://api.github.com/repos/pear/Mail/zipball/4fda3292ac6bf226d8841cfd8ee3cf4e28395c01",
                "reference": "4fda3292ac6bf226d8841cfd8ee3cf4e28395c01",
                "shasum": ""
            },
            "require": {
                "pear/pear-core-minimal": "~1.9",
                "php": ">=5.2.1"
            },
            "require-dev": {
                "pear/pear": "*"
            },
            "suggest": {
                "pear/net_smtp": "Install optionally via your project's composer.json"
            },
            "default-branch": true,
            "type": "library",
            "autoload": {
                "psr-0": {
                    "Mail": "./"
                }
            },
            "notification-url": "https://packagist.org/downloads/",
            "include-path": [
                "./"
            ],
            "license": [
                "BSD-3-Clause"
            ],
            "authors": [
                {
                    "name": "Chuck Hagenbuch",
                    "email": "chuck@horde.org",
                    "role": "Lead"
                },
                {
                    "name": "Armin Graefe",
                    "email": "schengawegga@gmail.com",
                    "role": "Lead"
                },
                {
                    "name": "Richard Heyes",
                    "email": "richard@phpguru.org",
                    "role": "Developer"
                },
                {
                    "name": "Aleksander Machniak",
                    "email": "alec@alec.pl",
                    "role": "Developer"
                }
            ],
            "description": "Class that provides multiple interfaces for sending emails.",
            "homepage": "http://pear.php.net/package/Mail",
            "support": {
                "issues": "http://pear.php.net/bugs/search.php?cmd=display&package_name[]=Mail",
                "source": "https://github.com/pear/Mail"
            },
            "time": "2023-11-01T21:31:59+00:00"
        },
        {
            "name": "pear/mail_mime",
            "version": "dev-master",
            "source": {
                "type": "git",
                "url": "https://github.com/pear/Mail_Mime.git",
                "reference": "895f9bea89417e963f321d2f27189d2ccd40592d"
            },
            "dist": {
                "type": "zip",
                "url": "https://api.github.com/repos/pear/Mail_Mime/zipball/895f9bea89417e963f321d2f27189d2ccd40592d",
                "reference": "895f9bea89417e963f321d2f27189d2ccd40592d",
                "shasum": ""
            },
            "require": {
                "pear/pear-core-minimal": "*",
                "php": ">=5.2.0"
            },
            "default-branch": true,
            "type": "library",
            "autoload": {
                "psr-0": {
                    "Mail": "./"
                }
            },
            "notification-url": "https://packagist.org/downloads/",
            "include-path": [
                "./"
            ],
            "license": [
                "BSD-3-Clause"
            ],
            "authors": [
                {
                    "name": "Cipriano Groenendal",
                    "email": "cipri@php.net",
                    "role": "Lead"
                },
                {
                    "name": "Aleksander Machniak",
                    "email": "alec@php.net",
                    "role": "Lead"
                }
            ],
            "description": "Mail_Mime provides classes to create MIME messages",
            "homepage": "http://pear.php.net/package/Mail_Mime",
            "support": {
                "issues": "http://pear.php.net/bugs/search.php?cmd=display&package_name[]=Mail_Mime",
                "source": "https://github.com/pear/Mail_Mime"
            },
            "time": "2023-12-10T12:44:33+00:00"
        },
        {
            "name": "pear/pear-core-minimal",
            "version": "v1.10.14",
            "source": {
                "type": "git",
                "url": "https://github.com/pear/pear-core-minimal.git",
                "reference": "a86fc145edb5caedbf96527214ce3cadc9de4a32"
            },
            "dist": {
                "type": "zip",
                "url": "https://api.github.com/repos/pear/pear-core-minimal/zipball/a86fc145edb5caedbf96527214ce3cadc9de4a32",
                "reference": "a86fc145edb5caedbf96527214ce3cadc9de4a32",
                "shasum": ""
            },
            "require": {
                "pear/console_getopt": "~1.4",
                "pear/pear_exception": "~1.0",
                "php": ">=5.4"
            },
            "replace": {
                "rsky/pear-core-min": "self.version"
            },
            "type": "library",
            "autoload": {
                "psr-0": {
                    "": "src/"
                }
            },
            "notification-url": "https://packagist.org/downloads/",
            "include-path": [
                "src/"
            ],
            "license": [
                "BSD-3-Clause"
            ],
            "authors": [
                {
                    "name": "Christian Weiske",
                    "email": "cweiske@php.net",
                    "role": "Lead"
                }
            ],
            "description": "Minimal set of PEAR core files to be used as composer dependency",
            "support": {
                "issues": "http://pear.php.net/bugs/search.php?cmd=display&package_name[]=PEAR",
                "source": "https://github.com/pear/pear-core-minimal"
            },
            "time": "2023-11-26T16:15:38+00:00"
        },
        {
            "name": "pear/pear_exception",
            "version": "dev-master",
            "source": {
                "type": "git",
                "url": "https://github.com/pear/PEAR_Exception.git",
                "reference": "76631ea7fa66755900beb615e3b7b1ee54cf1c99"
            },
            "dist": {
                "type": "zip",
                "url": "https://api.github.com/repos/pear/PEAR_Exception/zipball/76631ea7fa66755900beb615e3b7b1ee54cf1c99",
                "reference": "76631ea7fa66755900beb615e3b7b1ee54cf1c99",
                "shasum": ""
            },
            "require": {
                "php": ">=5.2.0"
            },
            "require-dev": {
                "phpunit/phpunit": "<9"
            },
            "default-branch": true,
            "type": "class",
            "extra": {
                "branch-alias": {
                    "dev-master": "1.0.x-dev"
                }
            },
            "autoload": {
                "classmap": [
                    "PEAR/"
                ]
            },
            "notification-url": "https://packagist.org/downloads/",
            "include-path": [
                "."
            ],
            "license": [
                "BSD-2-Clause"
            ],
            "authors": [
                {
                    "name": "Helgi Thormar",
                    "email": "dufuz@php.net"
                },
                {
                    "name": "Greg Beaver",
                    "email": "cellog@php.net"
                }
            ],
            "description": "The PEAR Exception base class.",
            "homepage": "https://github.com/pear/PEAR_Exception",
            "keywords": [
                "exception"
            ],
            "support": {
                "issues": "https://pear.php.net/bugs/search.php?cmd=display&package_name%5B%5D=PEAR_Exception",
                "source": "https://github.com/pear/PEAR_Exception"
            },
            "time": "2022-03-27T11:31:16+00:00"
        },
        {
            "name": "vgrem/php-spo",
            "version": "dev-master",
            "source": {
                "type": "git",
                "url": "https://github.com/vgrem/phpSPO.git",
                "reference": "e41cb803b4e725d174a08f77bb64fbfae0dca2e9"
            },
            "dist": {
                "type": "zip",
                "url": "https://api.github.com/repos/vgrem/phpSPO/zipball/e41cb803b4e725d174a08f77bb64fbfae0dca2e9",
                "reference": "e41cb803b4e725d174a08f77bb64fbfae0dca2e9",
                "shasum": ""
            },
            "require": {
                "ext-curl": "*",
                "ext-dom": "*",
                "ext-json": "*",
                "ext-libxml": "*",
                "ext-simplexml": "*",
                "firebase/php-jwt": "*",
                "php": ">=7.1"
            },
            "require-dev": {
                "phpunit/phpunit": "^9"
            },
            "default-branch": true,
            "type": "library",
            "autoload": {
                "psr-4": {
                    "Office365\\": "src/"
                }
            },
            "notification-url": "https://packagist.org/downloads/",
            "license": [
                "MIT"
            ],
            "authors": [
                {
                    "name": "Vadim Gremyachev",
                    "email": "vvgrem@gmail.com"
                }
            ],
            "description": "PHP Office 365 library. It allows to performs CRUD operations against Office 365 resources via an REST/OData based API",
            "keywords": [
                "Office365",
                "api",
                "curl",
                "microsoftgraph",
                "rest"
            ],
            "support": {
                "issues": "https://github.com/vgrem/phpSPO/issues",
                "source": "https://github.com/vgrem/phpSPO/tree/master"
            },
            "time": "2023-11-08T20:08:24+00:00"
        },
        {
            "name": "vitexsoftware/ease-core",
            "version": "1.41",
            "source": {
                "type": "git",
                "url": "https://github.com/VitexSoftware/php-ease-core.git",
                "reference": "cd21c6ec668933bbc42ee60ec2831a507c6bce62"
            },
            "dist": {
                "type": "zip",
                "url": "https://api.github.com/repos/VitexSoftware/php-ease-core/zipball/cd21c6ec668933bbc42ee60ec2831a507c6bce62",
                "reference": "cd21c6ec668933bbc42ee60ec2831a507c6bce62",
                "shasum": ""
            },
            "require": {
                "composer-runtime-api": "*",
                "ext-intl": "*",
                "pear/mail": ">=1.3",
                "pear/mail_mime": ">=1.10",
                "php": ">=7"
            },
            "conflict": {
                "vitexsoftware/ease-framework": "*"
            },
            "require-dev": {
                "phpstan/phpstan": "*",
                "phpunit/phpunit": "*",
                "roave/security-advisories": "dev-latest"
            },
            "type": "library",
            "autoload": {
                "psr-4": {
                    "Ease\\": "src/Ease/",
                    "Ease\\Logger\\": "src/Ease/Logger/"
                }
            },
            "notification-url": "https://packagist.org/downloads/",
            "license": [
                "MIT"
            ],
            "authors": [
                {
                    "name": "Vítězslav Dvořák",
                    "email": "info@vitexsoftware.cz",
                    "homepage": "http://v.s.cz/"
                }
            ],
            "description": "An PHP Framework for writing Applications",
            "homepage": "http://v.s.cz/ease.php",
            "support": {
                "issues": "https://github.com/VitexSoftware/php-ease-core/issues",
                "source": "https://github.com/VitexSoftware/php-ease-core/tree/1.41"
            },
            "funding": [
                {
                    "url": "https://www.patreon.com/VitexSoftware",
                    "type": "patreon"
                }
            ],
            "time": "2023-10-13T11:56:29+00:00"
        }
    ],
    "packages-dev": [],
    "aliases": [],
    "minimum-stability": "dev",
    "stability-flags": {
        "vgrem/php-spo": 20
    },
    "prefer-stable": false,
    "prefer-lowest": false,
    "platform": [],
    "platform-dev": [],
    "plugin-api-version": "2.3.0"
}
